
Microsoft Visual Studio Solution File, Format Version 12.00
# Visual Studio Version 17
VisualStudioVersion = 17.4.33122.133
MinimumVisualStudioVersion = 10.0.40219.1
Project("{FAE04EC0-301F-11D3-BF4B-00C04F79EFBC}") = "UDPServer", "UDPServer\UDPServer.csproj", "{7ED46C6D-FDD3-4FA6-A17E-FF586C0678D2}"
EndProject
Project("{FAE04EC0-301F-11D3-BF4B-00C04F79EFBC}") = "Common", "Common\Common.csproj", "{B02DEA3F-2E40-4005-B0A7-90F5EDA27A72}"
EndProject
Project("{FAE04EC0-301F-11D3-BF4B-00C04F79EFBC}") = "UDPClient", "UDPClient\UDPClient.csproj", "{B0607C9D-A730-4407-A2C0-9EF3F9DEF0E7}"
EndProject
Global
	GlobalSection(SolutionConfigurationPlatforms) = preSolution
		Debug|Any CPU = Debug|Any CPU
		Release|Any CPU = Release|Any CPU
	EndGlobalSection
	GlobalSection(ProjectConfigurationPlatforms) = postSolution
		{7ED46C6D-FDD3-4FA6-A17E-FF586C0678D2}.Debug|Any CPU.ActiveCfg = Debug|Any CPU
		{7ED46C6D-FDD3-4FA6-A17E-FF586C0678D2}.Debug|Any CPU.Build.0 = Debug|Any CPU
		{7ED46C6D-FDD3-4FA6-A17E-FF586C0678D2}.Release|Any CPU.ActiveCfg = Release|Any CPU
		{7ED46C6D-FDD3-4FA6-A17E-FF586C0678D2}.Release|Any CPU.Build.0 = Release|Any CPU
		{B02DEA3F-2E40-4005-B0A7-90F5EDA27A72}.Debug|Any CPU.ActiveCfg = Debug|Any CPU
		{B02DEA3F-2E40-4005-B0A7-90F5EDA27A72}.Debug|Any CPU.Build.0 = Debug|Any CPU
		{B02DEA3F-2E40-4005-B0A7-90F5EDA27A72}.Release|Any CPU.ActiveCfg = Release|Any CPU
		{B02DEA3F-2E40-4005-B0A7-90F5EDA27A72}.Release|Any CPU.Build.0 = Release|Any CPU
		{B0607C9D-A730-4407-A2C0-9EF3F9DEF0E7}.Debug|Any CPU.ActiveCfg = Debug|Any CPU
		{B0607C9D-A730-4407-A2C0-9EF3F9DEF0E7}.Debug|Any CPU.Build.0 = Debug|Any CPU
		{B0607C9D-A730-4407-A2C0-9EF3F9DEF0E7}.Release|Any CPU.ActiveCfg = Release|Any CPU
		{B0607C9D-A730-4407-A2C0-9EF3F9DEF0E7}.Release|Any CPU.Build.0 = Release|Any CPU
	EndGlobalSection
	GlobalSection(SolutionProperties) = preSolution
		HideSolutionNode = FALSE
	EndGlobalSection
	GlobalSection(ExtensibilityGlobals) = postSolution
		SolutionGuid = {6A8C2EE0-32DC-462F-9997-1EC6E95554D5}
	EndGlobalSection
EndGlobal
